// !$*UTF8*$!
{
	archiveVersion = 1;
	classes = {
	};
	objectVersion = 50;
	objects = {

/* Begin PBXBuildFile section */
		EE19FEA6249E8C00003EDADD /* AppDelegate.swift in Sources */ = {isa = PBXBuildFile; fileRef = EE19FEA5249E8C00003EDADD /* AppDelegate.swift */; };
		EE19FEA8249E8C00003EDADD /* SceneDelegate.swift in Sources */ = {isa = PBXBuildFile; fileRef = EE19FEA7249E8C00003EDADD /* SceneDelegate.swift */; };
		EE19FEAA249E8C00003EDADD /* ViewController.swift in Sources */ = {isa = PBXBuildFile; fileRef = EE19FEA9249E8C00003EDADD /* ViewController.swift */; };
		EE19FEAD249E8C00003EDADD /* Main.storyboard in Resources */ = {isa = PBXBuildFile; fileRef = EE19FEAB249E8C00003EDADD /* Main.storyboard */; };
		EE19FEAF249E8C09003EDADD /* Assets.xcassets in Resources */ = {isa = PBXBuildFile; fileRef = EE19FEAE249E8C09003EDADD /* Assets.xcassets */; };
		EE19FEB2249E8C09003EDADD /* LaunchScreen.storyboard in Resources */ = {isa = PBXBuildFile; fileRef = EE19FEB0249E8C09003EDADD /* LaunchScreen.storyboard */; };
/* End PBXBuildFile section */

/* Begin PBXFileReference section */
		EE19FEA2249E8C00003EDADD /* MonitorInternetChange.app */ = {isa = PBXFileReference; explicitFileType = wrapper.application; includeInIndex = 0; path = MonitorInternetChange.app; sourceTree = BUILT_PRODUCTS_DIR; };
		EE19FEA5249E8C00003EDADD /* AppDelegate.swift */ = {isa = PBXFileReference; lastKnownFileType = sourcecode.swift; path = AppDelegate.swift; sourceTree = "<group>"; };
		EE19FEA7249E8C00003EDADD /* SceneDelegate.swift */ = {isa = PBXFileReference; lastKnownFileType = sourcecode.swift; path = SceneDelegate.swift; sourceTree = "<group>"; };
		EE19FEA9249E8C00003EDADD /* ViewController.swift */ = {isa = PBXFileReference; lastKnownFileType = sourcecode.swift; path = ViewController.swift; sourceTree = "<group>"; };
		EE19FEAC249E8C00003EDADD /* Base */ = {isa = PBXFileReference; lastKnownFileType = file.storyboard; name = Base; path = Base.lproj/Main.storyboard; sourceTree = "<group>"; };
		EE19FEAE249E8C09003EDADD /* Assets.xcassets */ = {isa = PBXFileReference; lastKnownFileType = folder.assetcatalog; path = Assets.xcassets; sourceTree = "<group>"; };
		EE19FEB1249E8C09003EDADD /* Base */ = {isa = PBXFileReference; lastKnownFileType = file.storyboard; name = Base; path = Base.lproj/LaunchScreen.storyboard; sourceTree = "<group>"; };
		EE19FEB3249E8C09003EDADD /* Info.plist */ = {isa = PBXFileReference; lastKnownFileType = text.plist.xml; path = Info.plist; sourceTree = "<group>"; };
/* End PBXFileReference section */

/* Begin PBXFrameworksBuildPhase section */
		EE19FE9F249E8C00003EDADD /* Frameworks */ = {
			isa = PBXFrameworksBuildPhase;
			buildActionMask = 2147483647;
			files = (
			);
			runOnlyForDeploymentPostprocessing = 0;
		};
/* End PBXFrameworksBuildPhase section */

/* Begin PBXGroup section */
		EE19FE99249E8C00003EDADD = {
			isa = PBXGroup;
			children = (
				EE19FEA4249E8C00003EDADD /* MonitorInternetChange */,
				EE19FEA3249E8C00003EDADD /* Products */,
			);
			sourceTree = "<group>";
		};
		EE19FEA3249E8C00003EDADD /* Products */ = {
			isa = PBXGroup;
			children = (
				EE19FEA2249E8C00003EDADD /* MonitorInternetChange.app */,
			);
			name = Products;
			sourceTree = "<group>";
		};
		EE19FEA4249E8C00003EDADD /* MonitorInternetChange */ = {
			isa = PBXGroup;
			children = (
				EE19FEA5249E8C00003EDADD /* AppDelegate.swift */,
				EE19FEA7249E8C00003EDADD /* SceneDelegate.swift */,
				EE19FEA9249E8C00003EDADD /* ViewController.swift */,
				EE19FEAB249E8C00003EDADD /* Main.storyboard */,
				EE19FEAE249E8C09003EDADD /* Assets.xcassets */,
				EE19FEB0249E8C09003EDADD /* LaunchScreen.storyboard */,
				EE19FEB3249E8C09003EDADD /* Info.plist */,
			);
			path = MonitorInternetChange;
			sourceTree = "<group>";
		};
/* End PBXGroup section */

/* Begin PBXNativeTarget section */
		EE19FEA1249E8C00003EDADD /* MonitorInternetChange */ = {
			isa = PBXNativeTarget;
			buildConfigurationList = EE19FEB6249E8C09003EDADD /* Build configuration list for PBXNativeTarget "MonitorInternetChange" */;
			buildPhases = (
				EE19FE9E249E8C00003EDADD /* Sources */,
				EE19FE9F249E8C00003EDADD /* Frameworks */,
				EE19FEA0249E8C00003EDADD /* Resources */,
			);
			buildRules = (
			);
			dependencies = (
			);
			name = MonitorInternetChange;
			productName = MonitorInternetChange;
			productReference = EE19FEA2249E8C00003EDADD /* MonitorInternetChange.app */;
			productType = "com.apple.product-type.application";
		};
/* End PBXNativeTarget section */

/* Begin PBXProject section */
		EE19FE9A249E8C00003EDADD /* Project object */ = {
			isa = PBXProject;
			attributes = {
				LastSwiftUpdateCheck = 1150;
				LastUpgradeCheck = 1150;
				ORGANIZATIONNAME = "JOEL CRAWFORD";
				TargetAttributes = {
					EE19FEA1249E8C00003EDADD = {
						CreatedOnToolsVersion = 11.5;
					};
				};
			};
			buildConfigurationList = EE19FE9D249E8C00003EDADD /* Build configuration list for PBXProject "MonitorInternetChange" */;
			compatibilityVersion = "Xcode 9.3";
			developmentRegion = en;
			hasScannedForEncodings = 0;
			knownRegions = (
				en,
				Base,
			);
			mainGroup = EE19FE99249E8C00003EDADD;
			productRefGroup = EE19FEA3249E8C00003EDADD /* Products */;
			projectDirPath = "";
			projectRoot = "";
			targets = (
				EE19FEA1249E8C00003EDADD /* MonitorInternetChange */,
			);
		};
/* End PBXProject section */

/* Begin PBXResourcesBuildPhase section */
		EE19FEA0249E8C00003EDADD /* Resources */ = {
			isa = PBXResourcesBuildPhase;
			buildActionMask = 2147483647;
			files = (
				EE19FEB2249E8C09003EDADD /* LaunchScreen.storyboard in Resources */,
				EE19FEAF249E8C09003EDADD /* Assets.xcassets in Resources */,
				EE19FEAD249E8C00003EDADD /* Main.storyboard in Resources */,
			);
			runOnlyForDeploymentPostprocessing = 0;
		};
/* End PBXResourcesBuildPhase section */

/* Begin PBXSourcesBuildPhase section */
		EE19FE9E249E8C00003EDADD /* Sources */ = {
			isa = PBXSourcesBuildPhase;
			buildActionMask = 2147483647;
			files = (
				EE19FEAA249E8C00003EDADD /* ViewController.swift in Sources */,
				EE19FEA6249E8C00003EDADD /* AppDelegate.swift in Sources */,
				EE19FEA8249E8C00003EDADD /* SceneDelegate.swift in Sources */,
			);
			runOnlyForDeploymentPostprocessing = 0;
		};
/* End PBXSourcesBuildPhase section */

/* Begin PBXVariantGroup section */
		EE19FEAB249E8C00003EDADD /* Main.storyboard */ = {
			isa = PBXVariantGroup;
			children = (
				EE19FEAC249E8C00003EDADD /* Base */,
			);
			name = Main.storyboard;
			sourceTree = "<group>";
		};
		EE19FEB0249E8C09003EDADD /* LaunchScreen.storyboard */ = {
			isa = PBXVariantGroup;
			children = (
				EE19FEB1249E8C09003EDADD /* Base */,
			);
			name = LaunchScreen.storyboard;
			sourceTree = "<group>";
		};
/* End PBXVariantGroup section */

/* Begin XCBuildConfiguration section */
		EE19FEB4249E8C09003EDADD /* Debug */ = {
			isa = XCBuildConfiguration;
			buildSettings = {
				ALWAYS_SEARCH_USER_PATHS = NO;
				CLANG_ANALYZER_NONNULL = YES;
				CLANG_ANALYZER_NUMBER_OBJECT_CONVERSION = YES_AGGRESSIVE;
				CLANG_CXX_LANGUAGE_STANDARD = "gnu++14";
				CLANG_CXX_LIBRARY = "libc++";
				CLANG_ENABLE_MODULES = YES;
				CLANG_ENABLE_OBJC_ARC = YES;
				CLANG_ENABLE_OBJC_WEAK = YES;
				CLANG_WARN_BLOCK_CAPTURE_AUTORELEASING = YES;
				CLANG_WARN_BOOL_CONVERSION = YES;
				CLANG_WARN_COMMA = YES;
				CLANG_WARN_CONSTANT_CONVERSION = YES;
				CLANG_WARN_DEPRECATED_OBJC_IMPLEMENTATIONS = YES;
				CLANG_WARN_DIRECT_OBJC_ISA_USAGE = YES_ERROR;
				CLANG_WARN_DOCUMENTATION_COMMENTS = YES;
				CLANG_WARN_EMPTY_BODY = YES;
				CLANG_WARN_ENUM_CONVERSION = YES;
				CLANG_WARN_INFINITE_RECURSION = YES;
				CLANG_WARN_INT_CONVERSION = YES;
				CLANG_WARN_NON_LITERAL_NULL_CONVERSION = YES;
				CLANG_WARN_OBJC_IMPLICIT_RETAIN_SELF = YES;
				CLANG_WARN_OBJC_LITERAL_CONVERSION = YES;
				CLANG_WARN_OBJC_ROOT_CLASS = YES_ERROR;
				CLANG_WARN_RANGE_LOOP_ANALYSIS = YES;
				CLANG_WARN_STRICT_PROTOTYPES = YES;
				CLANG_WARN_SUSPICIOUS_MOVE = YES;
				CLANG_WARN_UNGUARDED_AVAILABILITY = YES_AGGRESSIVE;
				CLANG_WARN_UNREACHABLE_CODE = YES;
				CLANG_WARN__DUPLICATE_METHOD_MATCH = YES;
				COPY_PHASE_STRIP = NO;
				DEBUG_INFORMATION_FORMAT = dwarf;
				ENABLE_STRICT_OBJC_MSGSEND = YES;
				ENABLE_TESTABILITY = YES;
				GCC_C_LANGUAGE_STANDARD = gnu11;
				GCC_DYNAMIC_NO_PIC = NO;
				GCC_NO_COMMON_BLOCKS = YES;
				GCC_OPTIMIZATION_LEVEL = 0;
				GCC_PREPROCESSOR_DEFINITIONS = (
					"DEBUG=1",
					"$(inherited)",
				);
				GCC_WARN_64_TO_32_BIT_CONVERSION = YES;
				GCC_WARN_ABOUT_RETURN_TYPE = YES_ERROR;
				GCC_WARN_UNDECLARED_SELECTOR = YES;
				GCC_WARN_UNINITIALIZED_AUTOS = YES_AGGRESSIVE;
				GCC_WARN_UNUSED_FUNCTION = YES;
				GCC_WARN_UNUSED_VARIABLE = YES;
				IPHONEOS_DEPLOYMENT_TARGET = 13.5;
				MTL_ENABLE_DEBUG_INFO = INCLUDE_SOURCE;
				MTL_FAST_MATH = YES;
				ONLY_ACTIVE_ARCH = YES;
				SDKROOT = iphoneos;
				SWIFT_ACTIVE_COMPILATION_CONDITIONS = DEBUG;
				SWIFT_OPTIMIZATION_LEVEL = "-Onone";
			};
			name = Debug;
		};
		EE19FEB5249E8C09003EDADD /* Release */ = {
			isa = XCBuildConfiguration;
			buildSettings = {
				ALWAYS_SEARCH_USER_PATHS = NO;
				CLANG_ANALYZER_NONNULL = YES;
				CLANG_ANALYZER_NUMBER_OBJECT_CONVERSION = YES_AGGRESSIVE;
				CLANG_CXX_LANGUAGE_STANDARD = "gnu++14";
				CLANG_CXX_LIBRARY = "libc++";
				CLANG_ENABLE_MODULES = YES;
				CLANG_ENABLE_OBJC_ARC = YES;
				CLANG_ENABLE_OBJC_WEAK = YES;
				CLANG_WARN_BLOCK_CAPTURE_AUTORELEASING = YES;
				CLANG_WARN_BOOL_CONVERSION = YES;
				CLANG_WARN_COMMA = YES;
				CLANG_WARN_CONSTANT_CONVERSION = YES;
				CLANG_WARN_DEPRECATED_OBJC_IMPLEMENTATIONS = YES;
				CLANG_WARN_DIRECT_OBJC_ISA_USAGE = YES_ERROR;
				CLANG_WARN_DOCUMENTATION_COMMENTS = YES;
				CLANG_WARN_EMPTY_BODY = YES;
				CLANG_WARN_ENUM_CONVERSION = YES;
				CLANG_WARN_INFINITE_RECURSION = YES;
				CLANG_WARN_INT_CONVERSION = YES;
				CLANG_WARN_NON_LITERAL_NULL_CONVERSION = YES;
				CLANG_WARN_OBJC_IMPLICIT_RETAIN_SELF = YES;
				CLANG_WARN_OBJC_LITERAL_CONVERSION = YES;
				CLANG_WARN_OBJC_ROOT_CLASS = YES_ERROR;
				CLANG_WARN_RANGE_LOOP_ANALYSIS = YES;
				CLANG_WARN_STRICT_PROTOTYPES = YES;
				CLANG_WARN_SUSPICIOUS_MOVE = YES;
				CLANG_WARN_UNGUARDED_AVAILABILITY = YES_AGGRESSIVE;
				CLANG_WARN_UNREACHABLE_CODE = YES;
				CLANG_WARN__DUPLICATE_METHOD_MATCH = YES;
				COPY_PHASE_STRIP = NO;
				DEBUG_INFORMATION_FORMAT = "dwarf-with-dsym";
				ENABLE_NS_ASSERTIONS = NO;
				ENABLE_STRICT_OBJC_MSGSEND = YES;
				GCC_C_LANGUAGE_STANDARD = gnu11;
				GCC_NO_COMMON_BLOCKS = YES;
				GCC_WARN_64_TO_32_BIT_CONVERSION = YES;
				GCC_WARN_ABOUT_RETURN_TYPE = YES_ERROR;
				GCC_WARN_UNDECLARED_SELECTOR = YES;
				GCC_WARN_UNINITIALIZED_AUTOS = YES_AGGRESSIVE;
				GCC_WARN_UNUSED_FUNCTION = YES;
				GCC_WARN_UNUSED_VARIABLE = YES;
				IPHONEOS_DEPLOYMENT_TARGET = 13.5;
				MTL_ENABLE_DEBUG_INFO = NO;
				MTL_FAST_MATH = YES;
				SDKROOT = iphoneos;
				SWIFT_COMPILATION_MODE = wholemodule;
				SWIFT_OPTIMIZATION_LEVEL = "-O";
				VALIDATE_PRODUCT = YES;
			};
			name = Release;
		};
		EE19FEB7249E8C09003EDADD /* Debug */ = {
			isa = XCBuildConfiguration;
			buildSettings = {
				ASSETCATALOG_COMPILER_APPICON_NAME = AppIcon;
				CODE_SIGN_STYLE = Automatic;
				INFOPLIST_FILE = MonitorInternetChange/Info.plist;
				LD_RUNPATH_SEARCH_PATHS = (
					"$(inherited)",
					"@executable_path/Frameworks",
				);
				PRODUCT_BUNDLE_IDENTIFIER = RTS.MonitorInternetChange;
				PRODUCT_NAME = "$(TARGET_NAME)";
				SWIFT_VERSION = 5.0;
				TARGETED_DEVICE_FAMILY = "1,2";
			};
			name = Debug;
		};
		EE19FEB8249E8C09003EDADD /* Release */ = {
			isa = XCBuildConfiguration;
			buildSettings = {
				ASSETCATALOG_COMPILER_APPICON_NAME = AppIcon;
				CODE_SIGN_STYLE = Automatic;
				INFOPLIST_FILE = MonitorInternetChange/Info.plist;
				LD_RUNPATH_SEARCH_PATHS = (
					"$(inherited)",
					"@executable_path/Frameworks",
				);
				PRODUCT_BUNDLE_IDENTIFIER = RTS.MonitorInternetChange;
				PRODUCT_NAME = "$(TARGET_NAME)";
				SWIFT_VERSION = 5.0;
				TARGETED_DEVICE_FAMILY = "1,2";
			};
			name = Release;
		};
/* End XCBuildConfiguration section */

/* Begin XCConfigurationList section */
		EE19FE9D249E8C00003EDADD /* Build configuration list for PBXProject "MonitorInternetChange" */ = {
			isa = XCConfigurationList;
			buildConfigurations = (
				EE19FEB4249E8C09003EDADD /* Debug */,
				EE19FEB5249E8C09003EDADD /* Release */,
			);
			defaultConfigurationIsVisible = 0;
			defaultConfigurationName = Release;
		};
		EE19FEB6249E8C09003EDADD /* Build configuration list for PBXNativeTarget "MonitorInternetChange" */ = {
			isa = XCConfigurationList;
			buildConfigurations = (
				EE19FEB7249E8C09003EDADD /* Debug */,
				EE19FEB8249E8C09003EDADD /* Release */,
			);
			defaultConfigurationIsVisible = 0;
			defaultConfigurationName = Release;
		};
/* End XCConfigurationList section */
	};
	rootObject = EE19FE9A249E8C00003EDADD /* Project object */;
}
